
Microsoft Visual Studio Solution File, Format Version 12.00
# Visual Studio Version 17
VisualStudioVersion = 17.5.33516.290
MinimumVisualStudioVersion = 10.0.40219.1
Project("{FAE04EC0-301F-11D3-BF4B-00C04F79EFBC}") = "A-Start-Simulation", "A-Start-Simulation\A-Start-Simulation.csproj", "{FFF8F7E4-722D-4630-A7A1-07C337A1E890}"
EndProject
Global
	GlobalSection(SolutionConfigurationPlatforms) = preSolution
		Debug|Any CPU = Debug|Any CPU
		Release|Any CPU = Release|Any CPU
	EndGlobalSection
	GlobalSection(ProjectConfigurationPlatforms) = postSolution
		{FFF8F7E4-722D-4630-A7A1-07C337A1E890}.Debug|Any CPU.ActiveCfg = Debug|Any CPU
		{FFF8F7E4-722D-4630-A7A1-07C337A1E890}.Debug|Any CPU.Build.0 = Debug|Any CPU
		{FFF8F7E4-722D-4630-A7A1-07C337A1E890}.Release|Any CPU.ActiveCfg = Release|Any CPU
		{FFF8F7E4-722D-4630-A7A1-07C337A1E890}.Release|Any CPU.Build.0 = Release|Any CPU
	EndGlobalSection
	GlobalSection(SolutionProperties) = preSolution
		HideSolutionNode = FALSE
	EndGlobalSection
	GlobalSection(ExtensibilityGlobals) = postSolution
		SolutionGuid = {5B2DAF80-D35D-472B-9F4D-83D12C21353B}
	EndGlobalSection
EndGlobal
